
Microsoft Visual Studio Solution File, Format Version 12.00
# Visual Studio Version 17
VisualStudioVersion = 17.11.35208.52
MinimumVisualStudioVersion = 10.0.40219.1
Project("{FAE04EC0-301F-11D3-BF4B-00C04F79EFBC}") = "Assignment 02", "Assignment 02.csproj", "{3107DE21-C70D-4AB4-A7AC-9925F2DD7F17}"
EndProject
Global
	GlobalSection(SolutionConfigurationPlatforms) = preSolution
		Debug|Any CPU = Debug|Any CPU
		Release|Any CPU = Release|Any CPU
	EndGlobalSection
	GlobalSection(ProjectConfigurationPlatforms) = postSolution
		{3107DE21-C70D-4AB4-A7AC-9925F2DD7F17}.Debug|Any CPU.ActiveCfg = Debug|Any CPU
		{3107DE21-C70D-4AB4-A7AC-9925F2DD7F17}.Debug|Any CPU.Build.0 = Debug|Any CPU
		{3107DE21-C70D-4AB4-A7AC-9925F2DD7F17}.Release|Any CPU.ActiveCfg = Release|Any CPU
		{3107DE21-C70D-4AB4-A7AC-9925F2DD7F17}.Release|Any CPU.Build.0 = Release|Any CPU
	EndGlobalSection
	GlobalSection(SolutionProperties) = preSolution
		HideSolutionNode = FALSE
	EndGlobalSection
	GlobalSection(ExtensibilityGlobals) = postSolution
		SolutionGuid = {DDEBBEA1-821E-4515-B19C-CB44679237FC}
	EndGlobalSection
EndGlobal
