
Microsoft Visual Studio Solution File, Format Version 12.00
# Visual Studio Version 17
VisualStudioVersion = 17.3.32922.545
MinimumVisualStudioVersion = 10.0.40219.1
Project("{FAE04EC0-301F-11D3-BF4B-00C04F79EFBC}") = "Airlines", "Airlines.csproj", "{07A73041-A667-4C85-B63C-23A8391507F5}"
EndProject
Global
	GlobalSection(SolutionConfigurationPlatforms) = preSolution
		Debug|Any CPU = Debug|Any CPU
		Release|Any CPU = Release|Any CPU
	EndGlobalSection
	GlobalSection(ProjectConfigurationPlatforms) = postSolution
		{07A73041-A667-4C85-B63C-23A8391507F5}.Debug|Any CPU.ActiveCfg = Debug|Any CPU
		{07A73041-A667-4C85-B63C-23A8391507F5}.Debug|Any CPU.Build.0 = Debug|Any CPU
		{07A73041-A667-4C85-B63C-23A8391507F5}.Release|Any CPU.ActiveCfg = Release|Any CPU
		{07A73041-A667-4C85-B63C-23A8391507F5}.Release|Any CPU.Build.0 = Release|Any CPU
	EndGlobalSection
	GlobalSection(SolutionProperties) = preSolution
		HideSolutionNode = FALSE
	EndGlobalSection
	GlobalSection(ExtensibilityGlobals) = postSolution
		SolutionGuid = {0FBEFE3D-80CC-4F9D-AEF9-094678A5E504}
	EndGlobalSection
EndGlobal
