
Microsoft Visual Studio Solution File, Format Version 12.00
# Visual Studio Version 16
VisualStudioVersion = 16.0.31112.23
MinimumVisualStudioVersion = 10.0.40219.1
Project("{FAE04EC0-301F-11D3-BF4B-00C04F79EFBC}") = "HFC Calculator", "HFC Calculator.csproj", "{10173EE3-B0BE-4470-92E3-22B84775D608}"
EndProject
Global
	GlobalSection(SolutionConfigurationPlatforms) = preSolution
		Debug|Any CPU = Debug|Any CPU
		Release|Any CPU = Release|Any CPU
	EndGlobalSection
	GlobalSection(ProjectConfigurationPlatforms) = postSolution
		{10173EE3-B0BE-4470-92E3-22B84775D608}.Debug|Any CPU.ActiveCfg = Debug|Any CPU
		{10173EE3-B0BE-4470-92E3-22B84775D608}.Debug|Any CPU.Build.0 = Debug|Any CPU
		{10173EE3-B0BE-4470-92E3-22B84775D608}.Release|Any CPU.ActiveCfg = Release|Any CPU
		{10173EE3-B0BE-4470-92E3-22B84775D608}.Release|Any CPU.Build.0 = Release|Any CPU
	EndGlobalSection
	GlobalSection(SolutionProperties) = preSolution
		HideSolutionNode = FALSE
	EndGlobalSection
	GlobalSection(ExtensibilityGlobals) = postSolution
		SolutionGuid = {8D3DF9D0-32A2-4065-BE84-B11573EC3C6F}
	EndGlobalSection
EndGlobal
