
Microsoft Visual Studio Solution File, Format Version 12.00
# Visual Studio Version 16
VisualStudioVersion = 16.0.31112.23
MinimumVisualStudioVersion = 10.0.40219.1
Project("{FAE04EC0-301F-11D3-BF4B-00C04F79EFBC}") = "TripCost", "TripCost.csproj", "{08DBBD79-4C73-47D8-886D-96CA8BC5A708}"
EndProject
Global
	GlobalSection(SolutionConfigurationPlatforms) = preSolution
		Debug|Any CPU = Debug|Any CPU
		Release|Any CPU = Release|Any CPU
	EndGlobalSection
	GlobalSection(ProjectConfigurationPlatforms) = postSolution
		{08DBBD79-4C73-47D8-886D-96CA8BC5A708}.Debug|Any CPU.ActiveCfg = Debug|Any CPU
		{08DBBD79-4C73-47D8-886D-96CA8BC5A708}.Debug|Any CPU.Build.0 = Debug|Any CPU
		{08DBBD79-4C73-47D8-886D-96CA8BC5A708}.Release|Any CPU.ActiveCfg = Release|Any CPU
		{08DBBD79-4C73-47D8-886D-96CA8BC5A708}.Release|Any CPU.Build.0 = Release|Any CPU
	EndGlobalSection
	GlobalSection(SolutionProperties) = preSolution
		HideSolutionNode = FALSE
	EndGlobalSection
	GlobalSection(ExtensibilityGlobals) = postSolution
		SolutionGuid = {08315F7E-194F-4CE6-8C43-286730D14327}
	EndGlobalSection
EndGlobal
