
Microsoft Visual Studio Solution File, Format Version 12.00
# Visual Studio Version 16
VisualStudioVersion = 16.0.31112.23
MinimumVisualStudioVersion = 10.0.40219.1
Project("{FAE04EC0-301F-11D3-BF4B-00C04F79EFBC}") = "Car Race", "Car Race.csproj", "{A7070E56-4848-4339-8B73-2EB4D6EBF478}"
EndProject
Global
	GlobalSection(SolutionConfigurationPlatforms) = preSolution
		Debug|Any CPU = Debug|Any CPU
		Release|Any CPU = Release|Any CPU
	EndGlobalSection
	GlobalSection(ProjectConfigurationPlatforms) = postSolution
		{A7070E56-4848-4339-8B73-2EB4D6EBF478}.Debug|Any CPU.ActiveCfg = Debug|Any CPU
		{A7070E56-4848-4339-8B73-2EB4D6EBF478}.Debug|Any CPU.Build.0 = Debug|Any CPU
		{A7070E56-4848-4339-8B73-2EB4D6EBF478}.Release|Any CPU.ActiveCfg = Release|Any CPU
		{A7070E56-4848-4339-8B73-2EB4D6EBF478}.Release|Any CPU.Build.0 = Release|Any CPU
	EndGlobalSection
	GlobalSection(SolutionProperties) = preSolution
		HideSolutionNode = FALSE
	EndGlobalSection
	GlobalSection(ExtensibilityGlobals) = postSolution
		SolutionGuid = {9A40F254-2A75-419B-9B0D-1E34EC39435E}
	EndGlobalSection
EndGlobal
